// !$*UTF8*$!
{
	archiveVersion = 1;
	classes = {
	};
	objectVersion = 50;
	objects = {

/* Begin PBXBuildFile section */
		F9074370282EA3F700C46B06 /* SecondScene.sks in Resources */ = {isa = PBXBuildFile; fileRef = F907436F282EA3F700C46B06 /* SecondScene.sks */; };
		F907439828354A6300C46B06 /* SecondScene.swift in Sources */ = {isa = PBXBuildFile; fileRef = F907439728354A6300C46B06 /* SecondScene.swift */; };
		F90743A52837EBBB00C46B06 /* HomeworkScene.sks in Resources */ = {isa = PBXBuildFile; fileRef = F90743A42837EBBB00C46B06 /* HomeworkScene.sks */; };
		F90743A82837EBE700C46B06 /* HomeworkScene.swift in Sources */ = {isa = PBXBuildFile; fileRef = F90743A72837EBE700C46B06 /* HomeworkScene.swift */; };
		F90743AB283BC49F00C46B06 /* CookingScene.sks in Resources */ = {isa = PBXBuildFile; fileRef = F90743AA283BC49F00C46B06 /* CookingScene.sks */; };
		F90743AE283BC4C300C46B06 /* CookingScene.swift in Sources */ = {isa = PBXBuildFile; fileRef = F90743AD283BC4C300C46B06 /* CookingScene.swift */; };
		F90743B2283BC97200C46B06 /* SleepingScene.sks in Resources */ = {isa = PBXBuildFile; fileRef = F90743B1283BC97200C46B06 /* SleepingScene.sks */; };
		F90743B5283BC9C500C46B06 /* SleepingScene.swift in Sources */ = {isa = PBXBuildFile; fileRef = F90743B4283BC9C500C46B06 /* SleepingScene.swift */; };
		F9B0A25D28255C3000F88603 /* AppDelegate.swift in Sources */ = {isa = PBXBuildFile; fileRef = F9B0A25C28255C3000F88603 /* AppDelegate.swift */; };
		F9B0A25F28255C3000F88603 /* GameScene.sks in Resources */ = {isa = PBXBuildFile; fileRef = F9B0A25E28255C3000F88603 /* GameScene.sks */; };
		F9B0A26128255C3000F88603 /* Actions.sks in Resources */ = {isa = PBXBuildFile; fileRef = F9B0A26028255C3000F88603 /* Actions.sks */; };
		F9B0A26328255C3000F88603 /* GameScene.swift in Sources */ = {isa = PBXBuildFile; fileRef = F9B0A26228255C3000F88603 /* GameScene.swift */; };
		F9B0A26528255C3000F88603 /* GameViewController.swift in Sources */ = {isa = PBXBuildFile; fileRef = F9B0A26428255C3000F88603 /* GameViewController.swift */; };
		F9B0A26828255C3000F88603 /* Main.storyboard in Resources */ = {isa = PBXBuildFile; fileRef = F9B0A26628255C3000F88603 /* Main.storyboard */; };
		F9B0A26A28255C3C00F88603 /* Assets.xcassets in Resources */ = {isa = PBXBuildFile; fileRef = F9B0A26928255C3C00F88603 /* Assets.xcassets */; };
/* End PBXBuildFile section */

/* Begin PBXFileReference section */
		F907436F282EA3F700C46B06 /* SecondScene.sks */ = {isa = PBXFileReference; lastKnownFileType = file.sks; path = SecondScene.sks; sourceTree = "<group>"; };
		F907439728354A6300C46B06 /* SecondScene.swift */ = {isa = PBXFileReference; lastKnownFileType = sourcecode.swift; path = SecondScene.swift; sourceTree = "<group>"; };
		F90743A42837EBBB00C46B06 /* HomeworkScene.sks */ = {isa = PBXFileReference; lastKnownFileType = file.sks; path = HomeworkScene.sks; sourceTree = "<group>"; };
		F90743A72837EBE700C46B06 /* HomeworkScene.swift */ = {isa = PBXFileReference; lastKnownFileType = sourcecode.swift; path = HomeworkScene.swift; sourceTree = "<group>"; };
		F90743AA283BC49F00C46B06 /* CookingScene.sks */ = {isa = PBXFileReference; lastKnownFileType = file.sks; path = CookingScene.sks; sourceTree = "<group>"; };
		F90743AD283BC4C300C46B06 /* CookingScene.swift */ = {isa = PBXFileReference; lastKnownFileType = sourcecode.swift; path = CookingScene.swift; sourceTree = "<group>"; };
		F90743B1283BC97200C46B06 /* SleepingScene.sks */ = {isa = PBXFileReference; lastKnownFileType = file.sks; path = SleepingScene.sks; sourceTree = "<group>"; };
		F90743B4283BC9C500C46B06 /* SleepingScene.swift */ = {isa = PBXFileReference; lastKnownFileType = sourcecode.swift; path = SleepingScene.swift; sourceTree = "<group>"; };
		F9B0A25928255C3000F88603 /* attempt.app */ = {isa = PBXFileReference; explicitFileType = wrapper.application; includeInIndex = 0; path = attempt.app; sourceTree = BUILT_PRODUCTS_DIR; };
		F9B0A25C28255C3000F88603 /* AppDelegate.swift */ = {isa = PBXFileReference; lastKnownFileType = sourcecode.swift; path = AppDelegate.swift; sourceTree = "<group>"; };
		F9B0A25E28255C3000F88603 /* GameScene.sks */ = {isa = PBXFileReference; lastKnownFileType = file.sks; path = GameScene.sks; sourceTree = "<group>"; };
		F9B0A26028255C3000F88603 /* Actions.sks */ = {isa = PBXFileReference; lastKnownFileType = file.sks; path = Actions.sks; sourceTree = "<group>"; };
		F9B0A26228255C3000F88603 /* GameScene.swift */ = {isa = PBXFileReference; lastKnownFileType = sourcecode.swift; path = GameScene.swift; sourceTree = "<group>"; };
		F9B0A26428255C3000F88603 /* GameViewController.swift */ = {isa = PBXFileReference; lastKnownFileType = sourcecode.swift; path = GameViewController.swift; sourceTree = "<group>"; };
		F9B0A26728255C3000F88603 /* Base */ = {isa = PBXFileReference; lastKnownFileType = file.storyboard; name = Base; path = Base.lproj/Main.storyboard; sourceTree = "<group>"; };
		F9B0A26928255C3C00F88603 /* Assets.xcassets */ = {isa = PBXFileReference; lastKnownFileType = folder.assetcatalog; path = Assets.xcassets; sourceTree = "<group>"; };
		F9B0A26B28255C3C00F88603 /* Info.plist */ = {isa = PBXFileReference; lastKnownFileType = text.plist.xml; path = Info.plist; sourceTree = "<group>"; };
/* End PBXFileReference section */

/* Begin PBXFrameworksBuildPhase section */
		F9B0A25628255C3000F88603 /* Frameworks */ = {
			isa = PBXFrameworksBuildPhase;
			buildActionMask = 2147483647;
			files = (
			);
			runOnlyForDeploymentPostprocessing = 0;
		};
/* End PBXFrameworksBuildPhase section */

/* Begin PBXGroup section */
		F9B0A25028255C3000F88603 = {
			isa = PBXGroup;
			children = (
				F9B0A25B28255C3000F88603 /* attempt */,
				F9B0A25A28255C3000F88603 /* Products */,
			);
			sourceTree = "<group>";
		};
		F9B0A25A28255C3000F88603 /* Products */ = {
			isa = PBXGroup;
			children = (
				F9B0A25928255C3000F88603 /* attempt.app */,
			);
			name = Products;
			sourceTree = "<group>";
		};
		F9B0A25B28255C3000F88603 /* attempt */ = {
			isa = PBXGroup;
			children = (
				F9B0A25C28255C3000F88603 /* AppDelegate.swift */,
				F907436F282EA3F700C46B06 /* SecondScene.sks */,
				F90743AA283BC49F00C46B06 /* CookingScene.sks */,
				F90743AD283BC4C300C46B06 /* CookingScene.swift */,
				F907439728354A6300C46B06 /* SecondScene.swift */,
				F90743B1283BC97200C46B06 /* SleepingScene.sks */,
				F90743B4283BC9C500C46B06 /* SleepingScene.swift */,
				F90743A42837EBBB00C46B06 /* HomeworkScene.sks */,
				F90743A72837EBE700C46B06 /* HomeworkScene.swift */,
				F9B0A25E28255C3000F88603 /* GameScene.sks */,
				F9B0A26228255C3000F88603 /* GameScene.swift */,
				F9B0A26028255C3000F88603 /* Actions.sks */,
				F9B0A26428255C3000F88603 /* GameViewController.swift */,
				F9B0A26628255C3000F88603 /* Main.storyboard */,
				F9B0A26928255C3C00F88603 /* Assets.xcassets */,
				F9B0A26B28255C3C00F88603 /* Info.plist */,
			);
			path = attempt;
			sourceTree = "<group>";
		};
/* End PBXGroup section */

/* Begin PBXNativeTarget section */
		F9B0A25828255C3000F88603 /* attempt */ = {
			isa = PBXNativeTarget;
			buildConfigurationList = F9B0A26E28255C3C00F88603 /* Build configuration list for PBXNativeTarget "attempt" */;
			buildPhases = (
				F9B0A25528255C3000F88603 /* Sources */,
				F9B0A25628255C3000F88603 /* Frameworks */,
				F9B0A25728255C3000F88603 /* Resources */,
			);
			buildRules = (
			);
			dependencies = (
			);
			name = attempt;
			productName = attempt;
			productReference = F9B0A25928255C3000F88603 /* attempt.app */;
			productType = "com.apple.product-type.application";
		};
/* End PBXNativeTarget section */

/* Begin PBXProject section */
		F9B0A25128255C3000F88603 /* Project object */ = {
			isa = PBXProject;
			attributes = {
				LastSwiftUpdateCheck = 1240;
				LastUpgradeCheck = 1240;
				TargetAttributes = {
					F9B0A25828255C3000F88603 = {
						CreatedOnToolsVersion = 12.4;
					};
				};
			};
			buildConfigurationList = F9B0A25428255C3000F88603 /* Build configuration list for PBXProject "attempt" */;
			compatibilityVersion = "Xcode 9.3";
			developmentRegion = en;
			hasScannedForEncodings = 0;
			knownRegions = (
				en,
				Base,
			);
			mainGroup = F9B0A25028255C3000F88603;
			productRefGroup = F9B0A25A28255C3000F88603 /* Products */;
			projectDirPath = "";
			projectRoot = "";
			targets = (
				F9B0A25828255C3000F88603 /* attempt */,
			);
		};
/* End PBXProject section */

/* Begin PBXResourcesBuildPhase section */
		F9B0A25728255C3000F88603 /* Resources */ = {
			isa = PBXResourcesBuildPhase;
			buildActionMask = 2147483647;
			files = (
				F9B0A26828255C3000F88603 /* Main.storyboard in Resources */,
				F90743AB283BC49F00C46B06 /* CookingScene.sks in Resources */,
				F9B0A25F28255C3000F88603 /* GameScene.sks in Resources */,
				F9B0A26A28255C3C00F88603 /* Assets.xcassets in Resources */,
				F9B0A26128255C3000F88603 /* Actions.sks in Resources */,
				F90743B2283BC97200C46B06 /* SleepingScene.sks in Resources */,
				F90743A52837EBBB00C46B06 /* HomeworkScene.sks in Resources */,
				F9074370282EA3F700C46B06 /* SecondScene.sks in Resources */,
			);
			runOnlyForDeploymentPostprocessing = 0;
		};
/* End PBXResourcesBuildPhase section */

/* Begin PBXSourcesBuildPhase section */
		F9B0A25528255C3000F88603 /* Sources */ = {
			isa = PBXSourcesBuildPhase;
			buildActionMask = 2147483647;
			files = (
				F9B0A26328255C3000F88603 /* GameScene.swift in Sources */,
				F9B0A26528255C3000F88603 /* GameViewController.swift in Sources */,
				F907439828354A6300C46B06 /* SecondScene.swift in Sources */,
				F90743B5283BC9C500C46B06 /* SleepingScene.swift in Sources */,
				F9B0A25D28255C3000F88603 /* AppDelegate.swift in Sources */,
				F90743A82837EBE700C46B06 /* HomeworkScene.swift in Sources */,
				F90743AE283BC4C300C46B06 /* CookingScene.swift in Sources */,
			);
			runOnlyForDeploymentPostprocessing = 0;
		};
/* End PBXSourcesBuildPhase section */

/* Begin PBXVariantGroup section */
		F9B0A26628255C3000F88603 /* Main.storyboard */ = {
			isa = PBXVariantGroup;
			children = (
				F9B0A26728255C3000F88603 /* Base */,
			);
			name = Main.storyboard;
			sourceTree = "<group>";
		};
/* End PBXVariantGroup section */

/* Begin XCBuildConfiguration section */
		F9B0A26C28255C3C00F88603 /* Debug */ = {
			isa = XCBuildConfiguration;
			buildSettings = {
				ALWAYS_SEARCH_USER_PATHS = NO;
				CLANG_ANALYZER_NONNULL = YES;
				CLANG_ANALYZER_NUMBER_OBJECT_CONVERSION = YES_AGGRESSIVE;
				CLANG_CXX_LANGUAGE_STANDARD = "gnu++14";
				CLANG_CXX_LIBRARY = "libc++";
				CLANG_ENABLE_MODULES = YES;
				CLANG_ENABLE_OBJC_ARC = YES;
				CLANG_ENABLE_OBJC_WEAK = YES;
				CLANG_WARN_BLOCK_CAPTURE_AUTORELEASING = YES;
				CLANG_WARN_BOOL_CONVERSION = YES;
				CLANG_WARN_COMMA = YES;
				CLANG_WARN_CONSTANT_CONVERSION = YES;
				CLANG_WARN_DEPRECATED_OBJC_IMPLEMENTATIONS = YES;
				CLANG_WARN_DIRECT_OBJC_ISA_USAGE = YES_ERROR;
				CLANG_WARN_DOCUMENTATION_COMMENTS = YES;
				CLANG_WARN_EMPTY_BODY = YES;
				CLANG_WARN_ENUM_CONVERSION = YES;
				CLANG_WARN_INFINITE_RECURSION = YES;
				CLANG_WARN_INT_CONVERSION = YES;
				CLANG_WARN_NON_LITERAL_NULL_CONVERSION = YES;
				CLANG_WARN_OBJC_IMPLICIT_RETAIN_SELF = YES;
				CLANG_WARN_OBJC_LITERAL_CONVERSION = YES;
				CLANG_WARN_OBJC_ROOT_CLASS = YES_ERROR;
				CLANG_WARN_QUOTED_INCLUDE_IN_FRAMEWORK_HEADER = YES;
				CLANG_WARN_RANGE_LOOP_ANALYSIS = YES;
				CLANG_WARN_STRICT_PROTOTYPES = YES;
				CLANG_WARN_SUSPICIOUS_MOVE = YES;
				CLANG_WARN_UNGUARDED_AVAILABILITY = YES_AGGRESSIVE;
				CLANG_WARN_UNREACHABLE_CODE = YES;
				CLANG_WARN__DUPLICATE_METHOD_MATCH = YES;
				COPY_PHASE_STRIP = NO;
				DEBUG_INFORMATION_FORMAT = dwarf;
				ENABLE_STRICT_OBJC_MSGSEND = YES;
				ENABLE_TESTABILITY = YES;
				GCC_C_LANGUAGE_STANDARD = gnu11;
				GCC_DYNAMIC_NO_PIC = NO;
				GCC_NO_COMMON_BLOCKS = YES;
				GCC_OPTIMIZATION_LEVEL = 0;
				GCC_PREPROCESSOR_DEFINITIONS = (
					"DEBUG=1",
					"$(inherited)",
				);
				GCC_WARN_64_TO_32_BIT_CONVERSION = YES;
				GCC_WARN_ABOUT_RETURN_TYPE = YES_ERROR;
				GCC_WARN_UNDECLARED_SELECTOR = YES;
				GCC_WARN_UNINITIALIZED_AUTOS = YES_AGGRESSIVE;
				GCC_WARN_UNUSED_FUNCTION = YES;
				GCC_WARN_UNUSED_VARIABLE = YES;
				IPHONEOS_DEPLOYMENT_TARGET = 14.4;
				MTL_ENABLE_DEBUG_INFO = INCLUDE_SOURCE;
				MTL_FAST_MATH = YES;
				ONLY_ACTIVE_ARCH = YES;
				SDKROOT = iphoneos;
				SWIFT_ACTIVE_COMPILATION_CONDITIONS = DEBUG;
				SWIFT_OPTIMIZATION_LEVEL = "-Onone";
			};
			name = Debug;
		};
		F9B0A26D28255C3C00F88603 /* Release */ = {
			isa = XCBuildConfiguration;
			buildSettings = {
				ALWAYS_SEARCH_USER_PATHS = NO;
				CLANG_ANALYZER_NONNULL = YES;
				CLANG_ANALYZER_NUMBER_OBJECT_CONVERSION = YES_AGGRESSIVE;
				CLANG_CXX_LANGUAGE_STANDARD = "gnu++14";
				CLANG_CXX_LIBRARY = "libc++";
				CLANG_ENABLE_MODULES = YES;
				CLANG_ENABLE_OBJC_ARC = YES;
				CLANG_ENABLE_OBJC_WEAK = YES;
				CLANG_WARN_BLOCK_CAPTURE_AUTORELEASING = YES;
				CLANG_WARN_BOOL_CONVERSION = YES;
				CLANG_WARN_COMMA = YES;
				CLANG_WARN_CONSTANT_CONVERSION = YES;
				CLANG_WARN_DEPRECATED_OBJC_IMPLEMENTATIONS = YES;
				CLANG_WARN_DIRECT_OBJC_ISA_USAGE = YES_ERROR;
				CLANG_WARN_DOCUMENTATION_COMMENTS = YES;
				CLANG_WARN_EMPTY_BODY = YES;
				CLANG_WARN_ENUM_CONVERSION = YES;
				CLANG_WARN_INFINITE_RECURSION = YES;
				CLANG_WARN_INT_CONVERSION = YES;
				CLANG_WARN_NON_LITERAL_NULL_CONVERSION = YES;
				CLANG_WARN_OBJC_IMPLICIT_RETAIN_SELF = YES;
				CLANG_WARN_OBJC_LITERAL_CONVERSION = YES;
				CLANG_WARN_OBJC_ROOT_CLASS = YES_ERROR;
				CLANG_WARN_QUOTED_INCLUDE_IN_FRAMEWORK_HEADER = YES;
				CLANG_WARN_RANGE_LOOP_ANALYSIS = YES;
				CLANG_WARN_STRICT_PROTOTYPES = YES;
				CLANG_WARN_SUSPICIOUS_MOVE = YES;
				CLANG_WARN_UNGUARDED_AVAILABILITY = YES_AGGRESSIVE;
				CLANG_WARN_UNREACHABLE_CODE = YES;
				CLANG_WARN__DUPLICATE_METHOD_MATCH = YES;
				COPY_PHASE_STRIP = NO;
				DEBUG_INFORMATION_FORMAT = "dwarf-with-dsym";
				ENABLE_NS_ASSERTIONS = NO;
				ENABLE_STRICT_OBJC_MSGSEND = YES;
				GCC_C_LANGUAGE_STANDARD = gnu11;
				GCC_NO_COMMON_BLOCKS = YES;
				GCC_WARN_64_TO_32_BIT_CONVERSION = YES;
				GCC_WARN_ABOUT_RETURN_TYPE = YES_ERROR;
				GCC_WARN_UNDECLARED_SELECTOR = YES;
				GCC_WARN_UNINITIALIZED_AUTOS = YES_AGGRESSIVE;
				GCC_WARN_UNUSED_FUNCTION = YES;
				GCC_WARN_UNUSED_VARIABLE = YES;
				IPHONEOS_DEPLOYMENT_TARGET = 14.4;
				MTL_ENABLE_DEBUG_INFO = NO;
				MTL_FAST_MATH = YES;
				SDKROOT = iphoneos;
				SWIFT_COMPILATION_MODE = wholemodule;
				SWIFT_OPTIMIZATION_LEVEL = "-O";
				VALIDATE_PRODUCT = YES;
			};
			name = Release;
		};
		F9B0A26F28255C3C00F88603 /* Debug */ = {
			isa = XCBuildConfiguration;
			buildSettings = {
				ASSETCATALOG_COMPILER_APPICON_NAME = AppIcon;
				ASSETCATALOG_COMPILER_GLOBAL_ACCENT_COLOR_NAME = AccentColor;
				CODE_SIGN_STYLE = Automatic;
				INFOPLIST_FILE = attempt/Info.plist;
				LD_RUNPATH_SEARCH_PATHS = (
					"$(inherited)",
					"@executable_path/Frameworks",
				);
				PRODUCT_BUNDLE_IDENTIFIER = com.tired.attempt;
				PRODUCT_NAME = "$(TARGET_NAME)";
				SWIFT_VERSION = 5.0;
				TARGETED_DEVICE_FAMILY = "1,2";
			};
			name = Debug;
		};
		F9B0A27028255C3C00F88603 /* Release */ = {
			isa = XCBuildConfiguration;
			buildSettings = {
				ASSETCATALOG_COMPILER_APPICON_NAME = AppIcon;
				ASSETCATALOG_COMPILER_GLOBAL_ACCENT_COLOR_NAME = AccentColor;
				CODE_SIGN_STYLE = Automatic;
				INFOPLIST_FILE = attempt/Info.plist;
				LD_RUNPATH_SEARCH_PATHS = (
					"$(inherited)",
					"@executable_path/Frameworks",
				);
				PRODUCT_BUNDLE_IDENTIFIER = com.tired.attempt;
				PRODUCT_NAME = "$(TARGET_NAME)";
				SWIFT_VERSION = 5.0;
				TARGETED_DEVICE_FAMILY = "1,2";
			};
			name = Release;
		};
/* End XCBuildConfiguration section */

/* Begin XCConfigurationList section */
		F9B0A25428255C3000F88603 /* Build configuration list for PBXProject "attempt" */ = {
			isa = XCConfigurationList;
			buildConfigurations = (
				F9B0A26C28255C3C00F88603 /* Debug */,
				F9B0A26D28255C3C00F88603 /* Release */,
			);
			defaultConfigurationIsVisible = 0;
			defaultConfigurationName = Release;
		};
		F9B0A26E28255C3C00F88603 /* Build configuration list for PBXNativeTarget "attempt" */ = {
			isa = XCConfigurationList;
			buildConfigurations = (
				F9B0A26F28255C3C00F88603 /* Debug */,
				F9B0A27028255C3C00F88603 /* Release */,
			);
			defaultConfigurationIsVisible = 0;
			defaultConfigurationName = Release;
		};
/* End XCConfigurationList section */
	};
	rootObject = F9B0A25128255C3000F88603 /* Project object */;
}
